uuid: ba7c7470-4936-48da-9111-ac87c49a4ac9
langcode: da
status: true
dependencies:
  module:
    - itkdev_footer
  theme:
    - custom_theme
id: contactblock
theme: custom_theme
region: footer_first
weight: -5
provider: null
plugin: contact_block
settings:
  id: contact_block
  label: 'Contact block'
  label_display: '0'
  provider: itkdev_footer
  contact_text_first: 'tlf: 12345678'
  contact_text_second: 'email: yde001@gmail.com'
visibility: {  }
